{
  "version": 4,
  "terraform_version": "1.0.11",
  "serial": 15,
  "lineage": "759e15c7-a7db-9cf8-8e88-e068e8fd151c",
  "outputs": {},
  "resources": [
    {
      "mode": "managed",
      "type": "ibm_iam_authorization_policy",
      "name": "mongo-kms",
      "provider": "provider[\"registry.terraform.io/ibm-cloud/ibm\"]",
      "instances": [
        {
          "schema_version": 0,
          "attributes": {
            "description": null,
            "id": "fa4a1e1c-6fc9-49d8-95c2-6ec00dbecd13",
            "roles": [
              "Reader"
            ],
            "source_resource_group_id": "",
            "source_resource_instance_id": "",
            "source_resource_type": "",
            "source_service_account": "0b5a00334eaf9eb9339d2ab48f7326b4",
            "source_service_name": "databases-for-mongodb",
            "target_resource_group_id": "",
            "target_resource_instance_id": "",
            "target_resource_type": "",
            "target_service_name": "kms",
            "version": null
          },
          "sensitive_attributes": [],
          "private": "bnVsbA=="
        }
      ]
    },
    {
      "mode": "managed",
      "type": "ibm_kp_key",
      "name": "my_kp_key",
      "provider": "provider[\"registry.terraform.io/ibm-cloud/ibm\"]",
      "instances": [
        {
          "schema_version": 0,
          "attributes": {
            "crn": "crn:v1:bluemix:public:kms:eu-de:a/0b5a00334eaf9eb9339d2ab48f7326b4:f39d6679-2b88-433f-a23f-3a3d5ef49168:key:4f4dee06-6cae-49a7-b719-c49a9306bd6b",
            "encrypted_nonce": "",
            "force_delete": false,
            "id": "crn:v1:bluemix:public:kms:eu-de:a/0b5a00334eaf9eb9339d2ab48f7326b4:f39d6679-2b88-433f-a23f-3a3d5ef49168:key:4f4dee06-6cae-49a7-b719-c49a9306bd6b",
            "iv_value": "",
            "key_id": "4f4dee06-6cae-49a7-b719-c49a9306bd6b",
            "key_name": "tf-mongo-encryption-key",
            "key_protect_id": "f39d6679-2b88-433f-a23f-3a3d5ef49168",
            "payload": "",
            "resource_controller_url": "https://cloud.ibm.com/services/kms/crn%3Av1%3Abluemix%3Apublic%3Akms%3Aeu-de%3Aa%2F0b5a00334eaf9eb9339d2ab48f7326b4%3Af39d6679-2b88-433f-a23f-3a3d5ef49168%3A%3A",
            "resource_crn": "crn:v1:bluemix:public:kms:eu-de:a/0b5a00334eaf9eb9339d2ab48f7326b4:f39d6679-2b88-433f-a23f-3a3d5ef49168:key:4f4dee06-6cae-49a7-b719-c49a9306bd6b",
            "resource_group_name": null,
            "resource_name": "tf-mongo-encryption-key",
            "resource_status": "1",
            "standard_key": false,
            "timeouts": null
          },
          "sensitive_attributes": [],
          "private": "eyJlMmJmYjczMC1lY2FhLTExZTYtOGY4OC0zNDM2M2JjN2M0YzAiOnsiY3JlYXRlIjozNjAwMDAwMDAwMDAwLCJ1cGRhdGUiOjM2MDAwMDAwMDAwMDB9fQ==",
          "dependencies": [
            "ibm_resource_group.resource_group",
            "ibm_resource_instance.kp_instance"
          ]
        }
      ]
    },
    {
      "mode": "managed",
      "type": "ibm_resource_group",
      "name": "resource_group",
      "provider": "provider[\"registry.terraform.io/ibm-cloud/ibm\"]",
      "instances": [
        {
          "schema_version": 0,
          "attributes": {
            "created_at": "2021-11-25T08:39:14.209Z",
            "crn": "crn:v1:bluemix:public:resource-controller::a/0b5a00334eaf9eb9339d2ab48f7326b4::resource-group:af413942bd97484cb1a8e6dfad01b051",
            "default": false,
            "id": "af413942bd97484cb1a8e6dfad01b051",
            "name": "tf-mongo",
            "payment_methods_url": "/v2/resource_groups/af413942bd97484cb1a8e6dfad01b051/payment_methods",
            "quota_id": "a3d7b8d01e261c24677937c29ab33f3c",
            "quota_url": "/v2/quota_definitions/a3d7b8d01e261c24677937c29ab33f3c",
            "resource_linkages": [],
            "state": "ACTIVE",
            "tags": null,
            "teams_url": "/v2/resource_groups/af413942bd97484cb1a8e6dfad01b051/teams",
            "updated_at": "2021-11-25T08:39:14.209Z"
          },
          "sensitive_attributes": [],
          "private": "bnVsbA=="
        }
      ]
    },
    {
      "mode": "managed",
      "type": "ibm_resource_instance",
      "name": "kp_instance",
      "provider": "provider[\"registry.terraform.io/ibm-cloud/ibm\"]",
      "instances": [
        {
          "schema_version": 0,
          "attributes": {
            "account_id": "0b5a00334eaf9eb9339d2ab48f7326b4",
            "allow_cleanup": false,
            "created_at": "2021-11-25T08:39:29.597Z",
            "created_by": "IBMid-270002R30A",
            "crn": "crn:v1:bluemix:public:kms:eu-de:a/0b5a00334eaf9eb9339d2ab48f7326b4:f39d6679-2b88-433f-a23f-3a3d5ef49168::",
            "dashboard_url": "/keyprotect",
            "deleted_at": null,
            "deleted_by": "",
            "extensions": {
              "endpoints.private": "https://private.eu-de.kms.cloud.ibm.com",
              "endpoints.public": "https://eu-de.kms.cloud.ibm.com"
            },
            "guid": "f39d6679-2b88-433f-a23f-3a3d5ef49168",
            "id": "crn:v1:bluemix:public:kms:eu-de:a/0b5a00334eaf9eb9339d2ab48f7326b4:f39d6679-2b88-433f-a23f-3a3d5ef49168::",
            "last_operation": {
              "async": "false",
              "description": "Completed create instance operation",
              "state": "succeeded",
              "type": "create"
            },
            "location": "eu-de",
            "locked": false,
            "name": "tf-mongo-key-protect",
            "parameters": null,
            "plan": "tiered-pricing",
            "plan_history": [
              {
                "resource_plan_id": "eedd3585-90c6-4c8f-be3d-062069e99fc3",
                "start_date": "2021-11-25T08:39:29.597Z"
              }
            ],
            "resource_aliases_url": "/v2/resource_instances/f39d6679-2b88-433f-a23f-3a3d5ef49168/resource_aliases",
            "resource_bindings_url": "/v2/resource_instances/f39d6679-2b88-433f-a23f-3a3d5ef49168/resource_bindings",
            "resource_controller_url": "https://cloud.ibm.com/services/",
            "resource_crn": "crn:v1:bluemix:public:kms:eu-de:a/0b5a00334eaf9eb9339d2ab48f7326b4:f39d6679-2b88-433f-a23f-3a3d5ef49168::",
            "resource_group_crn": "crn:v1:bluemix:public:resource-controller::a/0b5a00334eaf9eb9339d2ab48f7326b4::resource-group:af413942bd97484cb1a8e6dfad01b051",
            "resource_group_id": "af413942bd97484cb1a8e6dfad01b051",
            "resource_group_name": "crn:v1:bluemix:public:resource-controller::a/0b5a00334eaf9eb9339d2ab48f7326b4::resource-group:af413942bd97484cb1a8e6dfad01b051",
            "resource_id": "ee41347f-b18e-4ca6-bf80-b5467c63f9a6",
            "resource_keys_url": "/v2/resource_instances/f39d6679-2b88-433f-a23f-3a3d5ef49168/resource_keys",
            "resource_name": "tf-mongo-key-protect",
            "resource_plan_id": "eedd3585-90c6-4c8f-be3d-062069e99fc3",
            "resource_status": "active",
            "restored_at": null,
            "restored_by": "",
            "scheduled_reclaim_at": null,
            "scheduled_reclaim_by": "",
            "service": "kms",
            "service_endpoints": null,
            "state": "active",
            "status": "active",
            "sub_type": "kms",
            "tags": [
              "mongo",
              "tf"
            ],
            "target_crn": "crn:v1:bluemix:public:globalcatalog::::deployment:eedd3585-90c6-4c8f-be3d-062069e99fc3%3Aeu-de",
            "timeouts": null,
            "type": "service_instance",
            "update_at": "2021-11-25T08:39:30.824Z",
            "update_by": ""
          },
          "sensitive_attributes": [],
          "private": "eyJlMmJmYjczMC1lY2FhLTExZTYtOGY4OC0zNDM2M2JjN2M0YzAiOnsiY3JlYXRlIjo2MDAwMDAwMDAwMDAsImRlbGV0ZSI6NjAwMDAwMDAwMDAwLCJ1cGRhdGUiOjYwMDAwMDAwMDAwMH19",
          "dependencies": [
            "ibm_resource_group.resource_group"
          ]
        }
      ]
    },
    {
      "module": "module.database_mongo",
      "mode": "managed",
      "type": "ibm_database",
      "name": "mongodb",
      "provider": "provider[\"registry.terraform.io/ibm-cloud/ibm\"]",
      "instances": [
        {
          "status": "tainted",
          "schema_version": 0,
          "attributes": {
            "adminpassword": "Passw0rd01",
            "adminuser": null,
            "auto_scaling": [
              {
                "cpu": [
                  {
                    "rate_increase_percent": 0,
                    "rate_limit_count_per_member": 0,
                    "rate_period_seconds": 0,
                    "rate_units": ""
                  }
                ],
                "disk": [
                  {
                    "capacity_enabled": false,
                    "free_space_less_than_percent": 0,
                    "io_above_percent": 0,
                    "io_enabled": false,
                    "io_over_period": "",
                    "rate_increase_percent": 0,
                    "rate_limit_mb_per_member": 0,
                    "rate_period_seconds": 0,
                    "rate_units": ""
                  }
                ],
                "memory": [
                  {
                    "io_above_percent": 0,
                    "io_enabled": false,
                    "io_over_period": "",
                    "rate_increase_percent": 0,
                    "rate_limit_mb_per_member": 0,
                    "rate_period_seconds": 0,
                    "rate_units": ""
                  }
                ]
              }
            ],
            "backup_encryption_key_crn": "crn:v1:bluemix:public:kms:eu-de:a/0b5a00334eaf9eb9339d2ab48f7326b4:f39d6679-2b88-433f-a23f-3a3d5ef49168:key:4f4dee06-6cae-49a7-b719-c49a9306bd6b",
            "backup_id": null,
            "configuration": null,
            "configuration_schema": null,
            "connectionstrings": null,
            "groups": null,
            "guid": null,
            "id": "crn:v1:bluemix:public:databases-for-mongodb:eu-de:a/0b5a00334eaf9eb9339d2ab48f7326b4:9735c9b0-a56e-4a9b-8f7c-96e767f68ba8::",
            "key_protect_instance": "crn:v1:bluemix:public:kms:eu-de:a/0b5a00334eaf9eb9339d2ab48f7326b4:f39d6679-2b88-433f-a23f-3a3d5ef49168::",
            "key_protect_key": "crn:v1:bluemix:public:kms:eu-de:a/0b5a00334eaf9eb9339d2ab48f7326b4:f39d6679-2b88-433f-a23f-3a3d5ef49168:key:4f4dee06-6cae-49a7-b719-c49a9306bd6b",
            "location": "eu-de",
            "members_cpu_allocation_count": null,
            "members_disk_allocation_mb": null,
            "members_memory_allocation_mb": null,
            "name": "tf-mongo-mongo",
            "node_count": null,
            "node_cpu_allocation_count": null,
            "node_disk_allocation_mb": null,
            "node_memory_allocation_mb": null,
            "plan": "standard",
            "plan_validation": null,
            "point_in_time_recovery_deployment_id": null,
            "point_in_time_recovery_time": null,
            "remote_leader_id": null,
            "resource_controller_url": null,
            "resource_crn": null,
            "resource_group_id": "af413942bd97484cb1a8e6dfad01b051",
            "resource_group_name": null,
            "resource_name": null,
            "resource_status": null,
            "service": "databases-for-mongodb",
            "service_endpoints": "public",
            "status": null,
            "tags": [
              "mongo",
              "tf"
            ],
            "timeouts": null,
            "users": [],
            "version": "4.2",
            "whitelist": []
          },
          "sensitive_attributes": [],
          "private": "eyJlMmJmYjczMC1lY2FhLTExZTYtOGY4OC0zNDM2M2JjN2M0YzAiOnsiY3JlYXRlIjozNjAwMDAwMDAwMDAwLCJkZWxldGUiOjYwMDAwMDAwMDAwMCwidXBkYXRlIjozNjAwMDAwMDAwMDAwfX0=",
          "dependencies": [
            "ibm_iam_authorization_policy.mongo-kms",
            "ibm_kp_key.my_kp_key",
            "ibm_resource_group.resource_group",
            "ibm_resource_instance.kp_instance"
          ]
        }
      ]
    }
  ]
}
